<?xml version="1.0" encoding="utf-8"?>
<Project ToolsVersion="4.0" xmlns="http://schemas.microsoft.com/developer/msbuild/2003">
  <ItemGroup>
    <Filter Include="소스 파일">
      <UniqueIdentifier>{4FC737F1-C7A5-4376-A066-2A32D752A2FF}</UniqueIdentifier>
      <Extensions>cpp;c;cc;cxx;c++;cppm;ixx;def;odl;idl;hpj;bat;asm;asmx</Extensions>
    </Filter>
    <Filter Include="리소스 파일">
      <UniqueIdentifier>{67DA6AB6-F800-4c08-8B7A-83BB121AAD01}</UniqueIdentifier>
      <Extensions>rc;ico;cur;bmp;dlg;rc2;rct;bin;rgs;gif;jpg;jpeg;jpe;resx;tiff;tif;png;wav;mfcribbon-ms</Extensions>
    </Filter>
    <Filter Include="소스 파일\Game">
      <UniqueIdentifier>{d2151538-4ea8-47da-9a05-910d53ecf20d}</UniqueIdentifier>
    </Filter>
    <Filter Include="소스 파일\Main">
      <UniqueIdentifier>{5a3d2ea7-f16a-4002-90cf-f1b7fe62e0e8}</UniqueIdentifier>
    </Filter>
    <Filter Include="소스 파일\Network">
      <UniqueIdentifier>{4a7a3c7d-de89-4669-93d2-579a5b57bad1}</UniqueIdentifier>
    </Filter>
  </ItemGroup>
  <ItemGroup>
    <ClCompile Include="ServerObject.cpp">
      <Filter>소스 파일\Game</Filter>
    </ClCompile>
    <ClCompile Include="Main.cpp">
      <Filter>소스 파일\Main</Filter>
    </ClCompile>
    <ClCompile Include="pch.cpp">
      <Filter>소스 파일\Main</Filter>
    </ClCompile>
    <ClCompile Include="ServerFramework.cpp">
      <Filter>소스 파일\Main</Filter>
    </ClCompile>
    <ClCompile Include="Global.cpp">
      <Filter>소스 파일\Main</Filter>
    </ClCompile>
    <ClCompile Include="Session.cpp">
      <Filter>소스 파일\Network</Filter>
    </ClCompile>
  </ItemGroup>
  <ItemGroup>
    <ClInclude Include="ServerObject.h">
      <Filter>소스 파일\Game</Filter>
    </ClInclude>
    <ClInclude Include="pch.h">
      <Filter>소스 파일\Main</Filter>
    </ClInclude>
    <ClInclude Include="ServerFramework.h">
      <Filter>소스 파일\Main</Filter>
    </ClInclude>
    <ClInclude Include="Global.h">
      <Filter>소스 파일\Main</Filter>
    </ClInclude>
    <ClInclude Include="Types.h">
      <Filter>소스 파일\Main</Filter>
    </ClInclude>
    <ClInclude Include="Session.h">
      <Filter>소스 파일\Network</Filter>
    </ClInclude>
    <ClInclude Include="Packets.h">
      <Filter>소스 파일\Network</Filter>
    </ClInclude>
  </ItemGroup>
</Project>